# This file is autogenerated, do not edit; changes may be undone by the next 'dep ensure'.


[[projects]]
  digest = "1:d043e5ae59276188d876090c261c311e146792c0908e08e67e766b1020a72d00"
  name = "github.com/PuerkitoBio/goquery"
  packages = ["."]
  pruneopts = "NUT"
  revision = "a86ea073017a6beddef78c8659e7224e8ca634b0"
  version = "v1.4.0"

[[projects]]
  digest = "1:3ccf8ba7afe02fd470c4f07d6eea4d0e6875da3d129f95b925f2003ce5dd2024"
  name = "github.com/StackExchange/wmi"
  packages = ["."]
  pruneopts = "NUT"
  revision = "5d049714c4a64225c3c79a7cf7d02f7fb5b96338"
  version = "1.0.0"

[[projects]]
  digest = "1:fc86904a62ac4bfff8cfbe94f42231ce3d8cea8fe2506d5293eaef468f8eaecf"
  name = "github.com/andybalholm/cascadia"
  packages = ["."]
  pruneopts = "NUT"
  revision = "901648c87902174f774fac311d7f176f8647bdaa"
  version = "v1.0.0"

[[projects]]
  digest = "1:69b95d47eef70cba62af2aa3d33bd5f9ffe9fa0be66d79d79150c38796c6eac1"
  name = "github.com/bmatcuk/doublestar"
  packages = ["."]
  pruneopts = "NUT"
  revision = "b3608229437ba4dc33dae64d56a79a2a73f1f6b2"
  version = "v1.0.9"

[[projects]]
  branch = "master"
  digest = "1:58927c45bfdcd6550e5f1ab008eeeb6951474a232afa1dc690583f26c5f92cbd"
  name = "github.com/charlievieth/fs"
  packages = ["."]
  pruneopts = "NUT"
  revision = "7dc373669fa10ddf827c37c595dee30a2f001be9"

[[projects]]
  digest = "1:24fc51072bca32204c162b79ede835505b3c5c5cce4e2e0cd6184ff2376486c9"
  name = "github.com/cloudfoundry/bosh-cli"
  packages = ["director/template"]
  pruneopts = "NUT"
  revision = "712bfd7271b478ba03c3f604339e2eefbec4647c"
  version = "v3.0.1"

[[projects]]
  branch = "master"
  digest = "1:6b48145085df4401bc70473cc4da1a3b9f98a79232fe59855083eaaea90567c5"
  name = "github.com/cloudfoundry/bosh-utils"
  packages = [
    "errors",
    "logger",
    "system",
  ]
  pruneopts = "NUT"
  revision = "fad7a5ad622c066cf1b36eb44b9612cec680e48c"

[[projects]]
  branch = "master"
  digest = "1:71570cb9af58f4981cd3b6ac9902b37e978e1f3c34f35a04a3a4837ea542500f"
  name = "github.com/cppforlife/go-patch"
  packages = ["patch"]
  pruneopts = "NUT"
  revision = "250da0e0e68ce3367b4302f34218f6c064eb9559"

[[projects]]
  digest = "1:81466b4218bf6adddac2572a30ac733a9255919bc2f470b4827a317bd4ee1756"
  name = "github.com/ghodss/yaml"
  packages = ["."]
  pruneopts = "NUT"
  revision = "0ca9ea5df5451ffdf184b4428c902747c2c11cd7"
  version = "v1.0.0"

[[projects]]
  digest = "1:cb4e216bd9f58866f42dc65893455b24f879b026fdaa1ecc3aafff625fdb5a66"
  name = "github.com/go-ole/go-ole"
  packages = [
    ".",
    "oleutil",
  ]
  pruneopts = "NUT"
  revision = "a41e3c4b706f6ae8dfbff342b06e40fa4d2d0506"
  version = "v1.2.1"

[[projects]]
  digest = "1:9f35c1344b56e5868d511d231f215edd0650aa572664f856444affdd256e43e4"
  name = "github.com/golang/protobuf"
  packages = ["proto"]
  pruneopts = "NUT"
  revision = "925541529c1fa6821df4e44ce2723319eb2be768"
  version = "v1.0.0"

[[projects]]
  branch = "master"
  digest = "1:a63cff6b5d8b95638bfe300385d93b2a6d9d687734b863da8e09dc834510a690"
  name = "github.com/google/go-querystring"
  packages = ["query"]
  pruneopts = "NUT"
  revision = "53e6ce116135b80d037921a7fdd5138cf32d7a8a"

[[projects]]
  branch = "master"
  digest = "1:b87f828d0392f61272dbfd2f5f5d39cdad674a4b604441e3fc4119c2e98ac92d"
  name = "github.com/gosuri/uilive"
  packages = ["."]
  pruneopts = "NUT"
  revision = "ac356e6e42cd31fcef8e6aec13ae9ed6fe87713e"

[[projects]]
  digest = "1:bc4f7eec3b7be8c6cb1f0af6c1e3333d5bb71072951aaaae2f05067b0803f287"
  name = "github.com/mattn/go-isatty"
  packages = ["."]
  pruneopts = "NUT"
  revision = "0360b2af4f38e8d38c7fce2a9f4e702702d73a39"
  version = "v0.0.3"

[[projects]]
  digest = "1:cb591533458f6eb6e2c1065ff3eac6b50263d7847deb23fc9f79b25bc608970e"
  name = "github.com/mattn/go-runewidth"
  packages = ["."]
  pruneopts = "NUT"
  revision = "9e777a8366cce605130a531d2cd6363d07ad7317"
  version = "v0.0.2"

[[projects]]
  branch = "master"
  digest = "1:8ba3f1b3c0cb6d601b3a8d3dfc3a899768614e77ff89a30c6eefdc34f75ff5ee"
  name = "github.com/olekukonko/tablewriter"
  packages = ["."]
  pruneopts = "NUT"
  revision = "b8a9be070da40449e501c3c4730a889e42d87a9e"

[[projects]]
  digest = "1:831e7951ac89dbdbddac0e1a92e2af9bc4ffe7982117d0624e9a06e2ad12cbb4"
  name = "github.com/onsi/ginkgo"
  packages = [
    ".",
    "config",
    "extensions/table",
    "ginkgo",
    "ginkgo/convert",
    "ginkgo/interrupthandler",
    "ginkgo/nodot",
    "ginkgo/testrunner",
    "ginkgo/testsuite",
    "ginkgo/watch",
    "internal/codelocation",
    "internal/containernode",
    "internal/failer",
    "internal/leafnodes",
    "internal/remote",
    "internal/spec",
    "internal/spec_iterator",
    "internal/specrunner",
    "internal/suite",
    "internal/testingtproxy",
    "internal/writer",
    "reporters",
    "reporters/stenographer",
    "reporters/stenographer/support/go-colorable",
    "reporters/stenographer/support/go-isatty",
    "types",
  ]
  pruneopts = "NUT"
  revision = "9eda700730cba42af70d53180f9dcce9266bc2bc"
  version = "v1.4.0"

[[projects]]
  digest = "1:c1c74479c219daed94a374e5ba7cdab754a279532e76c00df29cc616ebc0ce59"
  name = "github.com/onsi/gomega"
  packages = [
    ".",
    "format",
    "gbytes",
    "gexec",
    "internal/assertion",
    "internal/asyncassertion",
    "internal/oraclematcher",
    "internal/testingtsupport",
    "matchers",
    "matchers/support/goraph/bipartitegraph",
    "matchers/support/goraph/edge",
    "matchers/support/goraph/node",
    "matchers/support/goraph/util",
    "types",
  ]
  pruneopts = "NUT"
  revision = "003f63b7f4cff3fc95357005358af2de0f5fe152"
  version = "v1.3.0"

[[projects]]
  digest = "1:910b6689f864ad35dd536b64f6fb2fec0896328921b7182cb1ec36d6f41df9b5"
  name = "github.com/pivotal-cf/go-pivnet"
  packages = [
    ".",
    "download",
    "logger",
    "logger/loggerfakes",
    "logshim",
  ]
  pruneopts = "NUT"
  revision = "bb5747a2714fd4f8988796113abd61d2d33e702e"
  version = "v0.0.49"

[[projects]]
  branch = "master"
  digest = "1:622460e872a1d6c8e7545df51795441cb88115705d097b3321600e77b89d4159"
  name = "github.com/pivotal-cf/jhanda"
  packages = [
    ".",
    "internal/parser",
  ]
  pruneopts = "NUT"
  revision = "1b5ae1681a4554242f0daaea5c97bf1ea80aa761"

[[projects]]
  branch = "master"
  digest = "1:0acb8dfe68c725924028244697d888424efb93c83dc4846387c12954dccaa378"
  name = "github.com/pivotal-cf/kiln"
  packages = ["proofing"]
  pruneopts = "NUT"
  revision = "9c0f5ac8553d4e981aec5d24d55f14936bfb7d3c"

[[projects]]
  digest = "1:54b8a5a7497f01532991fb15d7619ad29037666083bdc185c6a0972da6aa0ec9"
  name = "github.com/pivotal-cf/pivnet-cli"
  packages = [
    "filter",
    "gp",
  ]
  pruneopts = "NUT"
  revision = "ae14d05bf21b657eefa68c52a97764a52d43d1f4"
  version = "v0.0.55"

[[projects]]
  digest = "1:b372c73a3511a44b1c0937258f48dba29d22613d5f6190e91d8dd0bab40dd190"
  name = "github.com/shirou/gopsutil"
  packages = [
    "disk",
    "internal/common",
  ]
  pruneopts = "NUT"
  revision = "8048a2e9c5773235122027dd585cf821b2af1249"
  version = "v2.18.07"

[[projects]]
  branch = "master"
  digest = "1:f93cddc43b49e792b425587f67b6b95013b37d2eb649ad350dadc0717d626904"
  name = "golang.org/x/net"
  packages = [
    "context",
    "context/ctxhttp",
    "html",
    "html/atom",
    "html/charset",
  ]
  pruneopts = "NUT"
  revision = "6078986fec03a1dcc236c34816c71b0e05018fda"

[[projects]]
  branch = "master"
  digest = "1:201a5caa901db0b0bca066c6d0c0279b1fdd385ae5e91af5a70029c273313962"
  name = "golang.org/x/oauth2"
  packages = [
    ".",
    "clientcredentials",
    "internal",
  ]
  pruneopts = "NUT"
  revision = "fdc9e635145ae97e6c2cb777c48305600cf515cb"

[[projects]]
  branch = "master"
  digest = "1:39ebcc2b11457b703ae9ee2e8cca0f68df21969c6102cb3b705f76cca0ea0239"
  name = "golang.org/x/sync"
  packages = ["errgroup"]
  pruneopts = "NUT"
  revision = "1d60e4601c6fd243af51cc01ddf169918a5407ca"

[[projects]]
  branch = "master"
  digest = "1:c1002df3205cb2d72159043e55a98401e8fa56d308b4340f9fbe92b2ab5b1152"
  name = "golang.org/x/sys"
  packages = [
    "unix",
    "windows",
  ]
  pruneopts = "NUT"
  revision = "378d26f46672a356c46195c28f61bdb4c0a781dd"

[[projects]]
  digest = "1:7c61a813b250ba8bb02bebb0382e6c3d00e04da2b577dc58985b86312fb89ffd"
  name = "golang.org/x/text"
  packages = [
    "encoding",
    "encoding/charmap",
    "encoding/htmlindex",
    "encoding/internal",
    "encoding/internal/identifier",
    "encoding/japanese",
    "encoding/korean",
    "encoding/simplifiedchinese",
    "encoding/traditionalchinese",
    "encoding/unicode",
    "internal/gen",
    "internal/tag",
    "internal/utf8internal",
    "language",
    "runes",
    "transform",
    "unicode/cldr",
  ]
  pruneopts = "NUT"
  revision = "f21a4dfb5e38f5895301dc265a8def02365cc3d0"
  version = "v0.3.0"

[[projects]]
  digest = "1:f229c599a645bffd97518107ac89955adfa6d5e5e4efa3e8cadb29789219639f"
  name = "google.golang.org/appengine"
  packages = [
    "internal",
    "internal/base",
    "internal/datastore",
    "internal/log",
    "internal/remote_api",
    "internal/urlfetch",
    "urlfetch",
  ]
  pruneopts = "NUT"
  revision = "150dc57a1b433e64154302bdc40b6bb8aefa313a"
  version = "v1.0.0"

[[projects]]
  digest = "1:829600691c61c34b821dd7454dc3e7de5a01a4cecc727ddaa1ae323ef725f614"
  name = "gopkg.in/cheggaaa/pb.v1"
  packages = ["."]
  pruneopts = "NUT"
  revision = "72b964305fba1230d3d818711138195f22b9ceea"
  version = "v1.0.22"

[[projects]]
  digest = "1:7c95b35057a0ff2e19f707173cc1a947fa43a6eb5c4d300d196ece0334046082"
  name = "gopkg.in/yaml.v2"
  packages = ["."]
  pruneopts = "NUT"
  revision = "5420a8b6744d3b0345ab293f6fcba19c978f1183"
  version = "v2.2.1"

[solve-meta]
  analyzer-name = "dep"
  analyzer-version = 1
  input-imports = [
    "github.com/PuerkitoBio/goquery",
    "github.com/cloudfoundry/bosh-cli/director/template",
    "github.com/cppforlife/go-patch/patch",
    "github.com/ghodss/yaml",
    "github.com/google/go-querystring/query",
    "github.com/gosuri/uilive",
    "github.com/olekukonko/tablewriter",
    "github.com/onsi/ginkgo",
    "github.com/onsi/ginkgo/extensions/table",
    "github.com/onsi/ginkgo/ginkgo",
    "github.com/onsi/gomega",
    "github.com/onsi/gomega/gbytes",
    "github.com/onsi/gomega/gexec",
    "github.com/pivotal-cf/go-pivnet",
    "github.com/pivotal-cf/go-pivnet/logger",
    "github.com/pivotal-cf/go-pivnet/logger/loggerfakes",
    "github.com/pivotal-cf/go-pivnet/logshim",
    "github.com/pivotal-cf/jhanda",
    "github.com/pivotal-cf/kiln/proofing",
    "github.com/pivotal-cf/pivnet-cli/filter",
    "github.com/pivotal-cf/pivnet-cli/gp",
    "golang.org/x/oauth2",
    "golang.org/x/oauth2/clientcredentials",
    "gopkg.in/cheggaaa/pb.v1",
    "gopkg.in/yaml.v2",
  ]
  solver-name = "gps-cdcl"
  solver-version = 1
